
Microsoft Visual Studio Solution File, Format Version 12.00
# Visual Studio 14
VisualStudioVersion = 14.0.25420.1
MinimumVisualStudioVersion = 10.0.40219.1
Project("{FAE04EC0-301F-11D3-BF4B-00C04F79EFBC}") = "WebUI", "WebUI\WebUI.csproj", "{B9BF55F2-6666-4036-AC61-6CB705DE57C8}"
EndProject
Project("{FAE04EC0-301F-11D3-BF4B-00C04F79EFBC}") = "DomainModel", "DomainModel\DomainModel.csproj", "{13F09922-D7A7-4005-AEAF-DF060C79AE00}"
EndProject
Global
	GlobalSection(SolutionConfigurationPlatforms) = preSolution
		Debug|Any CPU = Debug|Any CPU
		Release|Any CPU = Release|Any CPU
	EndGlobalSection
	GlobalSection(ProjectConfigurationPlatforms) = postSolution
		{B9BF55F2-6666-4036-AC61-6CB705DE57C8}.Debug|Any CPU.ActiveCfg = Debug|Any CPU
		{B9BF55F2-6666-4036-AC61-6CB705DE57C8}.Debug|Any CPU.Build.0 = Debug|Any CPU
		{B9BF55F2-6666-4036-AC61-6CB705DE57C8}.Release|Any CPU.ActiveCfg = Release|Any CPU
		{B9BF55F2-6666-4036-AC61-6CB705DE57C8}.Release|Any CPU.Build.0 = Release|Any CPU
		{13F09922-D7A7-4005-AEAF-DF060C79AE00}.Debug|Any CPU.ActiveCfg = Debug|Any CPU
		{13F09922-D7A7-4005-AEAF-DF060C79AE00}.Debug|Any CPU.Build.0 = Debug|Any CPU
		{13F09922-D7A7-4005-AEAF-DF060C79AE00}.Release|Any CPU.ActiveCfg = Release|Any CPU
		{13F09922-D7A7-4005-AEAF-DF060C79AE00}.Release|Any CPU.Build.0 = Release|Any CPU
	EndGlobalSection
	GlobalSection(SolutionProperties) = preSolution
		HideSolutionNode = FALSE
	EndGlobalSection
EndGlobal
